<?xml version="1.0" encoding="utf-8"?>
<Project ToolsVersion="4.0" xmlns="http://schemas.microsoft.com/developer/msbuild/2003">
  <ItemGroup>
    <Filter Include="src">
      <UniqueIdentifier>{A1B2C3D4-0001-0000-0000-000000000000}</UniqueIdentifier>
    </Filter>
    <Filter Include="src\sneeze">
      <UniqueIdentifier>{A1B2C3D4-0001-0000-0000-000000000001}</UniqueIdentifier>
    </Filter>
    <Filter Include="src\sneeze\control">
      <UniqueIdentifier>{A1B2C3D4-0001-0000-0000-000000000002}</UniqueIdentifier>
    </Filter>
    <Filter Include="src\sneeze\network">
      <UniqueIdentifier>{A1B2C3D4-0001-0000-0000-000000000003}</UniqueIdentifier>
    </Filter>
    <Filter Include="src\sneeze\storage">
      <UniqueIdentifier>{A1B2C3D4-0001-0000-0000-000000000004}</UniqueIdentifier>
    </Filter>
    <Filter Include="src\sneeze\console">
      <UniqueIdentifier>{A1B2C3D4-0001-0000-0000-000000000012}</UniqueIdentifier>
    </Filter>
    <Filter Include="src\context">
      <UniqueIdentifier>{A1B2C3D4-0001-0000-0000-000000000013}</UniqueIdentifier>
    </Filter>
    <Filter Include="src\context\viewport">
      <UniqueIdentifier>{A1B2C3D4-0001-0000-0000-000000000006}</UniqueIdentifier>
    </Filter>
    <Filter Include="src\context\scene">
      <UniqueIdentifier>{A1B2C3D4-0001-0000-0000-000000000007}</UniqueIdentifier>
    </Filter>
    <Filter Include="src\context\msf">
      <UniqueIdentifier>{A1B2C3D4-0001-0000-0000-000000000009}</UniqueIdentifier>
    </Filter>
    <Filter Include="src\persona">
      <UniqueIdentifier>{A1B2C3D4-0001-0000-0000-00000000000A}</UniqueIdentifier>
    </Filter>
    <Filter Include="src\deps">
      <UniqueIdentifier>{A1B2C3D4-0001-0000-0000-000000000030}</UniqueIdentifier>
    </Filter>
    <Filter Include="src\deps\wasm">
      <UniqueIdentifier>{A1B2C3D4-0001-0000-0000-00000000000B}</UniqueIdentifier>
    </Filter>
    <Filter Include="src\deps\spirv">
      <UniqueIdentifier>{A1B2C3D4-0001-0000-0000-00000000000C}</UniqueIdentifier>
    </Filter>
    <Filter Include="src\deps\xr">
      <UniqueIdentifier>{A1B2C3D4-0001-0000-0000-00000000000D}</UniqueIdentifier>
    </Filter>
    <Filter Include="src\deps\ui">
      <UniqueIdentifier>{A1B2C3D4-0001-0000-0000-00000000000E}</UniqueIdentifier>
    </Filter>
    <Filter Include="src\deps\compute">
      <UniqueIdentifier>{A1B2C3D4-0001-0000-0000-00000000000F}</UniqueIdentifier>
    </Filter>
    <Filter Include="src\deps\stb">
      <UniqueIdentifier>{A1B2C3D4-0001-0000-0000-000000000010}</UniqueIdentifier>
    </Filter>
    <Filter Include="src\deps\gltf">
      <UniqueIdentifier>{A1B2C3D4-0001-0000-0000-000000000011}</UniqueIdentifier>
    </Filter>
    <Filter Include="include">
      <UniqueIdentifier>{A1B2C3D4-0001-0000-0000-000000000011}</UniqueIdentifier>
    </Filter>
    <Filter Include="sdk">
      <UniqueIdentifier>{A1B2C3D4-0001-0000-0000-000000000040}</UniqueIdentifier>
    </Filter>
    <Filter Include="sdk\include">
      <UniqueIdentifier>{A1B2C3D4-0001-0000-0000-000000000041}</UniqueIdentifier>
    </Filter>
    <Filter Include="tests">
      <UniqueIdentifier>{A1B2C3D4-0001-0000-0000-000000000022}</UniqueIdentifier>
    </Filter>
    <Filter Include="tests\certs">
      <UniqueIdentifier>{A1B2C3D4-0001-0000-0000-000000000023}</UniqueIdentifier>
    </Filter>
    <Filter Include="tools">
      <UniqueIdentifier>{A1B2C3D4-0001-0000-0000-000000000024}</UniqueIdentifier>
    </Filter>
    <Filter Include="tools\GenCerts">
      <UniqueIdentifier>{A1B2C3D4-0001-0000-0000-000000000027}</UniqueIdentifier>
    </Filter>
    <Filter Include="tools\SignMsf">
      <UniqueIdentifier>{A1B2C3D4-0001-0000-0000-000000000025}</UniqueIdentifier>
    </Filter>
    <Filter Include="tools\MsfViewer">
      <UniqueIdentifier>{A1B2C3D4-0001-0000-0000-000000000026}</UniqueIdentifier>
    </Filter>
    <Filter Include="deps">
      <UniqueIdentifier>{A1B2C3D4-0001-0000-0000-000000000020}</UniqueIdentifier>
    </Filter>
    <Filter Include="scripts">
      <UniqueIdentifier>{A1B2C3D4-0001-0000-0000-000000000021}</UniqueIdentifier>
    </Filter>
  </ItemGroup>
  <!-- Source files (.cpp) -->
  <ItemGroup>
    <ClCompile Include="..\src\sneeze\Pch.cpp">
      <Filter>src\sneeze</Filter>
    </ClCompile>
    <ClCompile Include="..\src\sneeze\Types.cpp">
      <Filter>src\sneeze</Filter>
    </ClCompile>
    <ClCompile Include="..\src\sneeze\Engine.cpp">
      <Filter>src\sneeze</Filter>
    </ClCompile>
    <ClCompile Include="..\src\context\Context.cpp">
      <Filter>src\context</Filter>
    </ClCompile>
    <ClCompile Include="..\src\context\Container.cpp">
      <Filter>src\context</Filter>
    </ClCompile>
    <ClCompile Include="..\src\sneeze\Thread.cpp">
      <Filter>src\sneeze</Filter>
    </ClCompile>
    <ClCompile Include="..\src\sneeze\control\Agent.cpp">
      <Filter>src\sneeze\control</Filter>
    </ClCompile>
    <ClCompile Include="..\src\sneeze\control\Control.cpp">
      <Filter>src\sneeze\control</Filter>
    </ClCompile>
    <ClCompile Include="..\src\sneeze\control\IJob.cpp">
      <Filter>src\sneeze\control</Filter>
    </ClCompile>
    <ClCompile Include="..\src\sneeze\control\Pool.cpp">
      <Filter>src\sneeze\control</Filter>
    </ClCompile>
    <ClCompile Include="..\src\sneeze\control\Pool_Queue.cpp">
      <Filter>src\sneeze\control</Filter>
    </ClCompile>
    <ClCompile Include="..\src\sneeze\control\Pool_Cycle.cpp">
      <Filter>src\sneeze\control</Filter>
    </ClCompile>
    <ClCompile Include="..\src\sneeze\control\Compositor.cpp">
      <Filter>src\sneeze\control</Filter>
    </ClCompile>
    <ClCompile Include="..\src\sneeze\control\Scrub.cpp">
      <Filter>src\sneeze\control</Filter>
    </ClCompile>
    <ClCompile Include="..\src\sneeze\control\AgentC.cpp">
      <Filter>src\sneeze\control</Filter>
    </ClCompile>
    <ClCompile Include="..\src\sneeze\network\Asset.cpp">
      <Filter>src\sneeze\network</Filter>
    </ClCompile>
    <ClCompile Include="..\src\sneeze\network\Cache.cpp">
      <Filter>src\sneeze\network</Filter>
    </ClCompile>
    <ClCompile Include="..\src\sneeze\network\File.cpp">
      <Filter>src\sneeze\network</Filter>
    </ClCompile>
    <ClCompile Include="..\src\sneeze\network\Network.cpp">
      <Filter>src\sneeze\network</Filter>
    </ClCompile>
    <ClCompile Include="..\src\sneeze\storage\Storage.cpp">
      <Filter>src\sneeze\storage</Filter>
    </ClCompile>
    <ClCompile Include="..\src\sneeze\storage\Unit.cpp">
      <Filter>src\sneeze\storage</Filter>
    </ClCompile>
    <ClCompile Include="..\src\sneeze\storage\Silo.cpp">
      <Filter>src\sneeze\storage</Filter>
    </ClCompile>
    <ClCompile Include="..\src\sneeze\console\Console.cpp">
      <Filter>src\sneeze\console</Filter>
    </ClCompile>
    <ClCompile Include="..\src\sneeze\console\Entry.cpp">
      <Filter>src\sneeze\console</Filter>
    </ClCompile>
    <ClCompile Include="..\src\sneeze\console\Stream.cpp">
      <Filter>src\sneeze\console</Filter>
    </ClCompile>
    <ClCompile Include="..\src\sneeze\console\Block.cpp">
      <Filter>src\sneeze\console</Filter>
    </ClCompile>
    <ClCompile Include="..\src\context\viewport\Viewport.cpp">
      <Filter>src\context\viewport</Filter>
    </ClCompile>
    <ClCompile Include="..\src\context\scene\Node.cpp">
      <Filter>src\context\scene</Filter>
    </ClCompile>
    <ClCompile Include="..\src\context\scene\Fabric.cpp">
      <Filter>src\context\scene</Filter>
    </ClCompile>
    <ClCompile Include="..\src\context\scene\Scene.cpp">
      <Filter>src\context\scene</Filter>
    </ClCompile>
    <ClCompile Include="..\src\context\scene\Map_Object.cpp">
      <Filter>src\context\scene</Filter>
    </ClCompile>
    <ClCompile Include="..\src\context\scene\RmcObject.cpp">
      <Filter>src\context\scene</Filter>
    </ClCompile>
    <ClCompile Include="..\src\context\scene\AccessControl.cpp">
      <Filter>src\context\scene</Filter>
    </ClCompile>
    <ClCompile Include="..\src\context\viewport\AnariRenderer.cpp">
      <Filter>src\context\viewport</Filter>
    </ClCompile>
    <ClCompile Include="..\src\context\viewport\UVSphere.cpp">
      <Filter>src\context\viewport</Filter>
    </ClCompile>
    <ClCompile Include="..\src\context\viewport\GltfMesh.cpp">
      <Filter>src\context\viewport</Filter>
    </ClCompile>
    <ClCompile Include="..\src\context\msf\MsfFile.cpp">
      <Filter>src\context\msf</Filter>
    </ClCompile>
    <ClCompile Include="..\src\persona\Persona.cpp">
      <Filter>src\persona</Filter>
    </ClCompile>
    <ClCompile Include="..\src\deps\wasm\Wasm_Runtime.cpp">
      <Filter>src\deps\wasm</Filter>
    </ClCompile>
    <ClCompile Include="..\src\deps\wasm\Wasm_Store.cpp">
      <Filter>src\deps\wasm</Filter>
    </ClCompile>
    <ClCompile Include="..\src\deps\wasm\Wasm_Instance.cpp">
      <Filter>src\deps\wasm</Filter>
    </ClCompile>
    <ClCompile Include="..\src\deps\wasm\HostFunctions.cpp">
      <Filter>src\deps\wasm</Filter>
    </ClCompile>
    <ClCompile Include="..\src\deps\spirv\SpvPipeline.cpp">
      <Filter>src\deps\spirv</Filter>
    </ClCompile>
    <ClCompile Include="..\src\deps\xr\XrRuntime.cpp">
      <Filter>src\deps\xr</Filter>
    </ClCompile>
    <ClCompile Include="..\src\deps\ui\Ui_Context.cpp">
      <Filter>src\deps\ui</Filter>
    </ClCompile>
    <ClCompile Include="..\src\deps\ui\Ui_Render.cpp">
      <Filter>src\deps\ui</Filter>
    </ClCompile>
    <ClCompile Include="..\src\deps\ui\Ui_Panel.cpp">
      <Filter>src\deps\ui</Filter>
    </ClCompile>
    <ClCompile Include="..\src\deps\compute\EmbeddedKernels.cpp">
      <Filter>src\deps\compute</Filter>
    </ClCompile>
    <ClCompile Include="..\src\deps\compute\ComputeDispatch.cpp">
      <Filter>src\deps\compute</Filter>
    </ClCompile>
    <ClCompile Include="..\src\deps\stb\stb_image_impl.cpp">
      <Filter>src\deps\stb</Filter>
    </ClCompile>
    <ClCompile Include="..\src\deps\stb\Image.cpp">
      <Filter>src\deps\stb</Filter>
    </ClCompile>
    <ClCompile Include="..\src\deps\gltf\Gltf.cpp">
      <Filter>src\deps\gltf</Filter>
    </ClCompile>
    <ClCompile Include="..\src\sneeze\control\Fetch.cpp">
      <Filter>src\sneeze\control</Filter>
    </ClCompile>
    <ClCompile Include="..\src\context\msf\Chain.cpp" />
  </ItemGroup>
  <!-- Header files (.h) -->
  <ItemGroup>
    <ClInclude Include="..\src\sneeze\Pch.h">
      <Filter>src\sneeze</Filter>
    </ClInclude>
    <ClInclude Include="..\src\sneeze\Types.h">
      <Filter>src\sneeze</Filter>
    </ClInclude>
    <ClInclude Include="..\src\sneeze\Engine.h">
      <Filter>src\sneeze</Filter>
    </ClInclude>
    <ClInclude Include="..\src\sneeze\control\Control.h">
      <Filter>src\sneeze\control</Filter>
    </ClInclude>
    <ClInclude Include="..\src\context\scene\RmcObject.h">
      <Filter>src\context\scene</Filter>
    </ClInclude>
    <ClInclude Include="..\src\context\scene\AccessControl.h">
      <Filter>src\context\scene</Filter>
    </ClInclude>
    <ClInclude Include="..\src\context\viewport\Viewport.h">
      <Filter>src\context\viewport</Filter>
    </ClInclude>
    <ClInclude Include="..\src\context\viewport\AnariRenderer.h">
      <Filter>src\context\viewport</Filter>
    </ClInclude>
    <ClInclude Include="..\src\deps\wasm\Wasm.h">
      <Filter>src\deps\wasm</Filter>
    </ClInclude>
    <ClInclude Include="..\src\deps\wasm\HostFunctions.h">
      <Filter>src\deps\wasm</Filter>
    </ClInclude>
    <ClInclude Include="..\sdk\include\sneeze_abi.h">
      <Filter>sdk\include</Filter>
    </ClInclude>
    <ClInclude Include="..\src\deps\wasm\ThreadPool.h">
      <Filter>src\deps\wasm</Filter>
    </ClInclude>
    <ClInclude Include="..\src\deps\spirv\SpvPipeline.h">
      <Filter>src\deps\spirv</Filter>
    </ClInclude>
    <ClInclude Include="..\src\deps\xr\XrRuntime.h">
      <Filter>src\deps\xr</Filter>
    </ClInclude>
    <ClInclude Include="..\src\deps\ui\Ui_Context.h">
      <Filter>src\deps\ui</Filter>
    </ClInclude>
    <ClInclude Include="..\src\deps\ui\Ui_Render.h">
      <Filter>src\deps\ui</Filter>
    </ClInclude>
    <ClInclude Include="..\src\deps\ui\Ui_Panel.h">
      <Filter>src\deps\ui</Filter>
    </ClInclude>
    <ClInclude Include="..\src\deps\compute\EmbeddedKernels.h">
      <Filter>src\deps\compute</Filter>
    </ClInclude>
    <ClInclude Include="..\src\deps\compute\ComputeDispatch.h">
      <Filter>src\deps\compute</Filter>
    </ClInclude>
    <ClInclude Include="..\src\deps\stb\stb_image.h">
      <Filter>src\deps\stb</Filter>
    </ClInclude>
    <ClInclude Include="..\src\deps\gltf\Gltf.h">
      <Filter>src\deps\gltf</Filter>
    </ClInclude>
    <!-- public headers -->
    <ClInclude Include="..\include\Sneeze.h">
      <Filter>include</Filter>
    </ClInclude>
    <ClInclude Include="..\include\Context.h">
      <Filter>include</Filter>
    </ClInclude>
    <ClInclude Include="..\include\Persona.h">
      <Filter>include</Filter>
    </ClInclude>
    <ClInclude Include="..\include\Network.h">
      <Filter>include</Filter>
    </ClInclude>
    <ClInclude Include="..\include\Container.h">
      <Filter>include</Filter>
    </ClInclude>
    <ClInclude Include="..\include\Viewport.h">
      <Filter>include</Filter>
    </ClInclude>
    <ClInclude Include="..\include\Storage.h">
      <Filter>include</Filter>
    </ClInclude>
    <ClInclude Include="..\include\Scene.h">
      <Filter>include</Filter>
    </ClInclude>
    <ClInclude Include="..\include\Console.h">
      <Filter>include</Filter>
    </ClInclude>
    <ClInclude Include="..\include\Image.h">
      <Filter>include</Filter>
    </ClInclude>
    <ClInclude Include="..\src\sneeze\network\Network.h">
      <Filter>src\sneeze\network</Filter>
    </ClInclude>
    <ClInclude Include="..\src\sneeze\storage\Storage.h">
      <Filter>src\sneeze\storage</Filter>
    </ClInclude>
    <ClInclude Include="..\src\sneeze\console\Console.h">
      <Filter>src\sneeze\console</Filter>
    </ClInclude>
    <ClInclude Include="..\include\Msf.h" />
    <ClInclude Include="..\include\Map_Object.h">
      <Filter>include</Filter>
    </ClInclude>
  </ItemGroup>
  <!-- Resource files -->
  <ItemGroup>
    <ResourceCompile Include="$(SneezeBuildRoot)\build\kernels.rc" Condition="Exists('$(SneezeBuildRoot)\build\kernels.rc')" />
  </ItemGroup>
  <!-- CMake build files -->
  <ItemGroup>
    <None Include="..\src\CMakeLists.txt">
      <Filter>src</Filter>
    </None>
  </ItemGroup>
  <!-- tests/ -->
  <ItemGroup>
    <None Include="..\tests\CMakeLists.txt">
      <Filter>tests</Filter>
    </None>
    <None Include="..\tests\TestRunner.cpp">
      <Filter>tests</Filter>
    </None>
    <None Include="..\tests\ComputeTest.cpp">
      <Filter>tests</Filter>
    </None>
    <None Include="..\tests\HttpClientTest.cpp">
      <Filter>tests</Filter>
    </None>
    <None Include="..\tests\JwsTest.cpp">
      <Filter>tests</Filter>
    </None>
    <None Include="..\tests\NetworkTest.cpp">
      <Filter>tests</Filter>
    </None>
    <None Include="..\tests\SpvPipelineTest.cpp">
      <Filter>tests</Filter>
    </None>
    <None Include="..\tests\StorageTest.cpp">
      <Filter>tests</Filter>
    </None>
    <None Include="..\tests\UiContextTest.cpp">
      <Filter>tests</Filter>
    </None>
    <None Include="..\tests\VoxTest.cpp">
      <Filter>tests</Filter>
    </None>
    <None Include="..\tests\WasmRuntimeTest.cpp">
      <Filter>tests</Filter>
    </None>
    <None Include="..\tests\ConsoleTest.cpp">
      <Filter>tests</Filter>
    </None>
    <None Include="..\tests\XrRuntimeTest.cpp">
      <Filter>tests</Filter>
    </None>
    <None Include="..\tests\certs\ca-cert.pem">
      <Filter>tests\certs</Filter>
    </None>
    <None Include="..\tests\certs\ca-key.pem">
      <Filter>tests\certs</Filter>
    </None>
    <None Include="..\tests\certs\expired-cert.pem">
      <Filter>tests\certs</Filter>
    </None>
    <None Include="..\tests\certs\expired-key.pem">
      <Filter>tests\certs</Filter>
    </None>
    <None Include="..\tests\certs\provider-cert.pem">
      <Filter>tests\certs</Filter>
    </None>
    <None Include="..\tests\certs\provider-key.pem">
      <Filter>tests\certs</Filter>
    </None>
  </ItemGroup>
  <!-- tools/ -->
  <ItemGroup>
    <None Include="..\tools\SignMsf\CMakeLists.txt">
      <Filter>tools\SignMsf</Filter>
    </None>
    <None Include="..\tools\SignMsf\main.cpp">
      <Filter>tools\SignMsf</Filter>
    </None>
    <None Include="..\tools\GenCerts\CMakeLists.txt">
      <Filter>tools\GenCerts</Filter>
    </None>
    <None Include="..\tools\GenCerts\main.cpp">
      <Filter>tools\GenCerts</Filter>
    </None>
    <None Include="..\tools\MsfViewer\index.html">
      <Filter>tools\MsfViewer</Filter>
    </None>
    <None Include="..\tools\MsfViewer\sample-msf.json">
      <Filter>tools\MsfViewer</Filter>
    </None>
    <None Include="..\tools\MsfViewer\sample.msf">
      <Filter>tools\MsfViewer</Filter>
    </None>
    <None Include="..\tools\MsfViewer\test-headless.mjs">
      <Filter>tools\MsfViewer</Filter>
    </None>
  </ItemGroup>
  <!-- Root-level project files -->
  <ItemGroup>
    <None Include="..\.gitignore" />
    <None Include="..\LICENSE" />
    <None Include="..\NOTICE" />
    <None Include="..\README.md" />
    <None Include="..\VERSION" />
  </ItemGroup>
  <!-- deps/ -->
  <ItemGroup>
    <None Include="..\deps\CMakeLists.txt">
      <Filter>deps</Filter>
    </None>
  </ItemGroup>
  <!-- scripts/ -->
  <ItemGroup>
    <None Include="..\scripts\build-windows.ps1">
      <Filter>scripts</Filter>
    </None>
    <None Include="..\scripts\build-linux.sh">
      <Filter>scripts</Filter>
    </None>
    <None Include="..\scripts\build-macos.sh">
      <Filter>scripts</Filter>
    </None>
    <None Include="..\scripts\build-deps.sh">
      <Filter>scripts</Filter>
    </None>
  </ItemGroup>
</Project>